<?xml version="1.0" encoding="utf-8"?>
<Project ToolsVersion="4.0" xmlns="http://schemas.microsoft.com/developer/msbuild/2003">
  <ItemGroup>
    <Filter Include="소스 파일">
      <UniqueIdentifier>{4FC737F1-C7A5-4376-A066-2A32D752A2FF}</UniqueIdentifier>
      <Extensions>cpp;c;cc;cxx;c++;cppm;ixx;def;odl;idl;hpj;bat;asm;asmx</Extensions>
    </Filter>
    <Filter Include="헤더 파일">
      <UniqueIdentifier>{93995380-89BD-4b04-88EB-625FBE52EBFB}</UniqueIdentifier>
      <Extensions>h;hh;hpp;hxx;h++;hm;inl;inc;ipp;xsd</Extensions>
    </Filter>
    <Filter Include="리소스 파일">
      <UniqueIdentifier>{67DA6AB6-F800-4c08-8B7A-83BB121AAD01}</UniqueIdentifier>
      <Extensions>rc;ico;cur;bmp;dlg;rc2;rct;bin;rgs;gif;jpg;jpeg;jpe;resx;tiff;tif;png;wav;mfcribbon-ms</Extensions>
    </Filter>
    <Filter Include="PCH">
      <UniqueIdentifier>{3e89492a-57c2-40bc-8649-d10faf04b597}</UniqueIdentifier>
    </Filter>
    <Filter Include="Components">
      <UniqueIdentifier>{c3566f44-c8ed-4f9f-a3f5-0d869aa22102}</UniqueIdentifier>
    </Filter>
    <Filter Include="Components\Private">
      <UniqueIdentifier>{2f8c2b26-f1cf-4e21-a895-21b09869a0d4}</UniqueIdentifier>
    </Filter>
    <Filter Include="Components\Public">
      <UniqueIdentifier>{f2cc79d3-6170-40b1-a24d-f327b49e550b}</UniqueIdentifier>
    </Filter>
    <Filter Include="Math">
      <UniqueIdentifier>{273199ae-23e8-4e9b-ae0c-66c5553f14a7}</UniqueIdentifier>
    </Filter>
    <Filter Include="Math\Private">
      <UniqueIdentifier>{f4630517-2eb6-4714-97df-1c09d38011f7}</UniqueIdentifier>
    </Filter>
    <Filter Include="Math\Public">
      <UniqueIdentifier>{46960692-7c93-4c4b-ac7d-3fa8404a09b8}</UniqueIdentifier>
    </Filter>
    <Filter Include="Objects">
      <UniqueIdentifier>{e385bfe0-58e2-4394-89f3-b7f4ba10f3f4}</UniqueIdentifier>
    </Filter>
    <Filter Include="Objects\Public">
      <UniqueIdentifier>{7c4cc995-76c2-4384-afcf-bff13647f92e}</UniqueIdentifier>
    </Filter>
    <Filter Include="Objects\Private">
      <UniqueIdentifier>{37c4843e-bb61-4be5-b58e-32ffc54ee57f}</UniqueIdentifier>
    </Filter>
    <Filter Include="Util">
      <UniqueIdentifier>{d710ab44-ee2a-4045-a320-7d2aa735f394}</UniqueIdentifier>
    </Filter>
    <Filter Include="Managers">
      <UniqueIdentifier>{300974e2-ebd1-49e8-8ba8-aa3c5f6407af}</UniqueIdentifier>
    </Filter>
    <Filter Include="Managers\Private">
      <UniqueIdentifier>{12fae54a-adf5-4ec5-8f90-9a233b5f5b78}</UniqueIdentifier>
    </Filter>
    <Filter Include="Managers\Public">
      <UniqueIdentifier>{6004f6f3-c4d7-48e6-b20b-d32bae76c6d3}</UniqueIdentifier>
    </Filter>
  </ItemGroup>
  <ItemGroup>
    <ClInclude Include="include\BehaviourComponent.h">
      <Filter>Components\Public</Filter>
    </ClInclude>
    <ClInclude Include="include\CameraComponent.h">
      <Filter>Components\Public</Filter>
    </ClInclude>
    <ClInclude Include="include\Component.h">
      <Filter>Components\Public</Filter>
    </ClInclude>
    <ClInclude Include="include\GameBehaviourComponent.h">
      <Filter>Components\Public</Filter>
    </ClInclude>
    <ClInclude Include="include\ImageComponent.h">
      <Filter>Components\Public</Filter>
    </ClInclude>
    <ClInclude Include="include\LightComponent.h">
      <Filter>Components\Public</Filter>
    </ClInclude>
    <ClInclude Include="include\MeshComponent.h">
      <Filter>Components\Public</Filter>
    </ClInclude>
    <ClInclude Include="include\TransformComponent.h">
      <Filter>Components\Public</Filter>
    </ClInclude>
    <ClInclude Include="include\UIComponent.h">
      <Filter>Components\Public</Filter>
    </ClInclude>
    <ClInclude Include="include\TextComponent.h">
      <Filter>Components\Public</Filter>
    </ClInclude>
    <ClInclude Include="include\Vector3.h">
      <Filter>Math\Public</Filter>
    </ClInclude>
    <ClInclude Include="include\Transform.h">
      <Filter>Math\Public</Filter>
    </ClInclude>
    <ClInclude Include="include\Quaternion.h">
      <Filter>Math\Public</Filter>
    </ClInclude>
    <ClInclude Include="include\MathUtil.h">
      <Filter>Math\Public</Filter>
    </ClInclude>
    <ClInclude Include="include\Time.h">
      <Filter>Managers\Public</Filter>
    </ClInclude>
    <ClInclude Include="include\Resources.h">
      <Filter>Managers\Public</Filter>
    </ClInclude>
    <ClInclude Include="include\Renderer.h">
      <Filter>Managers\Public</Filter>
    </ClInclude>
    <ClInclude Include="include\GameEngine.h">
      <Filter>Managers\Public</Filter>
    </ClInclude>
    <ClInclude Include="include\SceneManager.h">
      <Filter>Managers\Public</Filter>
    </ClInclude>
    <ClInclude Include="include\Input.h">
      <Filter>Managers\Public</Filter>
    </ClInclude>
    <ClInclude Include="include\Texture.h">
      <Filter>Objects\Public</Filter>
    </ClInclude>
    <ClInclude Include="include\Scene.h">
      <Filter>Objects\Public</Filter>
    </ClInclude>
    <ClInclude Include="include\Mesh.h">
      <Filter>Objects\Public</Filter>
    </ClInclude>
    <ClInclude Include="include\Material.h">
      <Filter>Objects\Public</Filter>
    </ClInclude>
    <ClInclude Include="include\GameObject.h">
      <Filter>Objects\Public</Filter>
    </ClInclude>
    <ClInclude Include="include\pch.h">
      <Filter>PCH</Filter>
    </ClInclude>
    <ClInclude Include="include\EngineUtil.h">
      <Filter>Util</Filter>
    </ClInclude>
    <ClInclude Include="include\SoundComponent.h">
      <Filter>Components\Public</Filter>
    </ClInclude>
  </ItemGroup>
  <ItemGroup>
    <ClCompile Include="source\BehaviourComponent.cpp">
      <Filter>Components\Private</Filter>
    </ClCompile>
    <ClCompile Include="source\CameraComponent.cpp">
      <Filter>Components\Private</Filter>
    </ClCompile>
    <ClCompile Include="source\Component.cpp">
      <Filter>Components\Private</Filter>
    </ClCompile>
    <ClCompile Include="source\GameBehaviourComponent.cpp">
      <Filter>Components\Private</Filter>
    </ClCompile>
    <ClCompile Include="source\ImageComponent.cpp">
      <Filter>Components\Private</Filter>
    </ClCompile>
    <ClCompile Include="source\LightComponent.cpp">
      <Filter>Components\Private</Filter>
    </ClCompile>
    <ClCompile Include="source\MeshComponent.cpp">
      <Filter>Components\Private</Filter>
    </ClCompile>
    <ClCompile Include="source\TextComponent.cpp">
      <Filter>Components\Private</Filter>
    </ClCompile>
    <ClCompile Include="source\TransformComponent.cpp">
      <Filter>Components\Private</Filter>
    </ClCompile>
    <ClCompile Include="source\UIComponent.cpp">
      <Filter>Components\Private</Filter>
    </ClCompile>
    <ClCompile Include="source\Input.cpp">
      <Filter>Managers\Private</Filter>
    </ClCompile>
    <ClCompile Include="source\Renderer.cpp">
      <Filter>Managers\Private</Filter>
    </ClCompile>
    <ClCompile Include="source\Resources.cpp">
      <Filter>Managers\Private</Filter>
    </ClCompile>
    <ClCompile Include="source\SceneManager.cpp">
      <Filter>Managers\Private</Filter>
    </ClCompile>
    <ClCompile Include="source\Time.cpp">
      <Filter>Managers\Private</Filter>
    </ClCompile>
    <ClCompile Include="source\Scene.cpp">
      <Filter>Objects\Private</Filter>
    </ClCompile>
    <ClCompile Include="source\Material.cpp">
      <Filter>Objects\Private</Filter>
    </ClCompile>
    <ClCompile Include="source\Mesh.cpp">
      <Filter>Objects\Private</Filter>
    </ClCompile>
    <ClCompile Include="source\GameObject.cpp">
      <Filter>Objects\Private</Filter>
    </ClCompile>
    <ClCompile Include="source\Texture.cpp">
      <Filter>Objects\Private</Filter>
    </ClCompile>
    <ClCompile Include="source\Transform.cpp">
      <Filter>Math\Private</Filter>
    </ClCompile>
    <ClCompile Include="source\pch.cpp">
      <Filter>PCH</Filter>
    </ClCompile>
    <ClCompile Include="source\EngineUtil.cpp">
      <Filter>Util</Filter>
    </ClCompile>
    <ClCompile Include="source\GameEngine.cpp">
      <Filter>Managers\Private</Filter>
    </ClCompile>
    <ClCompile Include="source\SoundComponent.cpp">
      <Filter>Components\Private</Filter>
    </ClCompile>
  </ItemGroup>
</Project>